
Microsoft Visual Studio Solution File, Format Version 12.00
# Visual Studio 2017
Project("{FAE04EC0-301F-11D3-BF4B-00C04F79EFBC}") = "Rise", "Rise.csproj", "{7C808378-76B7-F301-D388-38BFF242FA1C}"
EndProject
Project("{FAE04EC0-301F-11D3-BF4B-00C04F79EFBC}") = "Rise.Player", "Rise.Player.csproj", "{7C808378-76B7-F301-D388-38BFF242FA1C}"
EndProject
Project("{FAE04EC0-301F-11D3-BF4B-00C04F79EFBC}") = "Rise", "Rise.csproj", "{7C808378-76B7-F301-D388-38BFF242FA1C}"
EndProject
Project("{FAE04EC0-301F-11D3-BF4B-00C04F79EFBC}") = "Rise.Player", "Rise.Player.csproj", "{7C808378-76B7-F301-D388-38BFF242FA1C}"
EndProject
Project("{FAE04EC0-301F-11D3-BF4B-00C04F79EFBC}") = "Rise", "Rise.csproj", "{7C808378-76B7-F301-D388-38BFF242FA1C}"
EndProject
Project("{FAE04EC0-301F-11D3-BF4B-00C04F79EFBC}") = "Rise.Player", "Rise.Player.csproj", "{7C808378-76B7-F301-D388-38BFF242FA1C}"
EndProject
Project("{FAE04EC0-301F-11D3-BF4B-00C04F79EFBC}") = "Rise", "Rise.csproj", "{7C808378-76B7-F301-D388-38BFF242FA1C}"
EndProject
Project("{FAE04EC0-301F-11D3-BF4B-00C04F79EFBC}") = "Rise.Player", "Rise.Player.csproj", "{7C808378-76B7-F301-D388-38BFF242FA1C}"
EndProject
Project("{FAE04EC0-301F-11D3-BF4B-00C04F79EFBC}") = "Rise.Plugins", "Rise.Plugins.csproj", "{BBB958D1-FA9D-E5E6-D980-F6174810AB55}"
EndProject
Project("{FAE04EC0-301F-11D3-BF4B-00C04F79EFBC}") = "Rise.Plugins.Player", "Rise.Plugins.Player.csproj", "{BBB958D1-FA9D-E5E6-D980-F6174810AB55}"
EndProject
Project("{FAE04EC0-301F-11D3-BF4B-00C04F79EFBC}") = "Rise.Editor", "Rise.Editor.csproj", "{9588B832-888C-2C52-D9E8-1BF1BF472105}"
EndProject
Project("{FAE04EC0-301F-11D3-BF4B-00C04F79EFBC}") = "Rise.Editor", "Rise.Editor.csproj", "{9588B832-888C-2C52-D9E8-1BF1BF472105}"
EndProject
Project("{FAE04EC0-301F-11D3-BF4B-00C04F79EFBC}") = "Rise.Editor", "Rise.Editor.csproj", "{9588B832-888C-2C52-D9E8-1BF1BF472105}"
EndProject
Project("{FAE04EC0-301F-11D3-BF4B-00C04F79EFBC}") = "Rise.Editor", "Rise.Editor.csproj", "{9588B832-888C-2C52-D9E8-1BF1BF472105}"
EndProject
Project("{FAE04EC0-301F-11D3-BF4B-00C04F79EFBC}") = "Rise.Editor", "Rise.Editor.csproj", "{9588B832-888C-2C52-D9E8-1BF1BF472105}"
EndProject
Global
	GlobalSection(SolutionConfigurationPlatforms) = preSolution
		Debug|Any CPU = Debug|Any CPU
		Release|Any CPU = Release|Any CPU
	EndGlobalSection
	GlobalSection(ProjectConfigurationPlatforms) = postSolution
		{7C808378-76B7-F301-D388-38BFF242FA1C}.Debug|Any CPU.ActiveCfg = Debug|Any CPU
		{7C808378-76B7-F301-D388-38BFF242FA1C}.Debug|Any CPU.Build.0 = Debug|Any CPU
		{7C808378-76B7-F301-D388-38BFF242FA1C}.Release|Any CPU.ActiveCfg = Release|Any CPU
		{7C808378-76B7-F301-D388-38BFF242FA1C}.Release|Any CPU.Build.0 = Release|Any CPU
		{7C808378-76B7-F301-D388-38BFF242FA1C}.Debug|Any CPU.ActiveCfg = Debug|Any CPU
		{7C808378-76B7-F301-D388-38BFF242FA1C}.Debug|Any CPU.Build.0 = Debug|Any CPU
		{7C808378-76B7-F301-D388-38BFF242FA1C}.Release|Any CPU.ActiveCfg = Release|Any CPU
		{7C808378-76B7-F301-D388-38BFF242FA1C}.Release|Any CPU.Build.0 = Release|Any CPU
		{7C808378-76B7-F301-D388-38BFF242FA1C}.Debug|Any CPU.ActiveCfg = Debug|Any CPU
		{7C808378-76B7-F301-D388-38BFF242FA1C}.Debug|Any CPU.Build.0 = Debug|Any CPU
		{7C808378-76B7-F301-D388-38BFF242FA1C}.Release|Any CPU.ActiveCfg = Release|Any CPU
		{7C808378-76B7-F301-D388-38BFF242FA1C}.Release|Any CPU.Build.0 = Release|Any CPU
		{7C808378-76B7-F301-D388-38BFF242FA1C}.Debug|Any CPU.ActiveCfg = Debug|Any CPU
		{7C808378-76B7-F301-D388-38BFF242FA1C}.Debug|Any CPU.Build.0 = Debug|Any CPU
		{7C808378-76B7-F301-D388-38BFF242FA1C}.Release|Any CPU.ActiveCfg = Release|Any CPU
		{7C808378-76B7-F301-D388-38BFF242FA1C}.Release|Any CPU.Build.0 = Release|Any CPU
		{7C808378-76B7-F301-D388-38BFF242FA1C}.Debug|Any CPU.ActiveCfg = Debug|Any CPU
		{7C808378-76B7-F301-D388-38BFF242FA1C}.Debug|Any CPU.Build.0 = Debug|Any CPU
		{7C808378-76B7-F301-D388-38BFF242FA1C}.Release|Any CPU.ActiveCfg = Release|Any CPU
		{7C808378-76B7-F301-D388-38BFF242FA1C}.Release|Any CPU.Build.0 = Release|Any CPU
		{7C808378-76B7-F301-D388-38BFF242FA1C}.Debug|Any CPU.ActiveCfg = Debug|Any CPU
		{7C808378-76B7-F301-D388-38BFF242FA1C}.Debug|Any CPU.Build.0 = Debug|Any CPU
		{7C808378-76B7-F301-D388-38BFF242FA1C}.Release|Any CPU.ActiveCfg = Release|Any CPU
		{7C808378-76B7-F301-D388-38BFF242FA1C}.Release|Any CPU.Build.0 = Release|Any CPU
		{7C808378-76B7-F301-D388-38BFF242FA1C}.Debug|Any CPU.ActiveCfg = Debug|Any CPU
		{7C808378-76B7-F301-D388-38BFF242FA1C}.Debug|Any CPU.Build.0 = Debug|Any CPU
		{7C808378-76B7-F301-D388-38BFF242FA1C}.Release|Any CPU.ActiveCfg = Release|Any CPU
		{7C808378-76B7-F301-D388-38BFF242FA1C}.Release|Any CPU.Build.0 = Release|Any CPU
		{7C808378-76B7-F301-D388-38BFF242FA1C}.Debug|Any CPU.ActiveCfg = Debug|Any CPU
		{7C808378-76B7-F301-D388-38BFF242FA1C}.Debug|Any CPU.Build.0 = Debug|Any CPU
		{7C808378-76B7-F301-D388-38BFF242FA1C}.Release|Any CPU.ActiveCfg = Release|Any CPU
		{7C808378-76B7-F301-D388-38BFF242FA1C}.Release|Any CPU.Build.0 = Release|Any CPU
		{BBB958D1-FA9D-E5E6-D980-F6174810AB55}.Debug|Any CPU.ActiveCfg = Debug|Any CPU
		{BBB958D1-FA9D-E5E6-D980-F6174810AB55}.Debug|Any CPU.Build.0 = Debug|Any CPU
		{BBB958D1-FA9D-E5E6-D980-F6174810AB55}.Release|Any CPU.ActiveCfg = Release|Any CPU
		{BBB958D1-FA9D-E5E6-D980-F6174810AB55}.Release|Any CPU.Build.0 = Release|Any CPU
		{BBB958D1-FA9D-E5E6-D980-F6174810AB55}.Debug|Any CPU.ActiveCfg = Debug|Any CPU
		{BBB958D1-FA9D-E5E6-D980-F6174810AB55}.Debug|Any CPU.Build.0 = Debug|Any CPU
		{BBB958D1-FA9D-E5E6-D980-F6174810AB55}.Release|Any CPU.ActiveCfg = Release|Any CPU
		{BBB958D1-FA9D-E5E6-D980-F6174810AB55}.Release|Any CPU.Build.0 = Release|Any CPU
		{9588B832-888C-2C52-D9E8-1BF1BF472105}.Debug|Any CPU.ActiveCfg = Debug|Any CPU
		{9588B832-888C-2C52-D9E8-1BF1BF472105}.Debug|Any CPU.Build.0 = Debug|Any CPU
		{9588B832-888C-2C52-D9E8-1BF1BF472105}.Release|Any CPU.ActiveCfg = Release|Any CPU
		{9588B832-888C-2C52-D9E8-1BF1BF472105}.Release|Any CPU.Build.0 = Release|Any CPU
		{9588B832-888C-2C52-D9E8-1BF1BF472105}.Debug|Any CPU.ActiveCfg = Debug|Any CPU
		{9588B832-888C-2C52-D9E8-1BF1BF472105}.Debug|Any CPU.Build.0 = Debug|Any CPU
		{9588B832-888C-2C52-D9E8-1BF1BF472105}.Release|Any CPU.ActiveCfg = Release|Any CPU
		{9588B832-888C-2C52-D9E8-1BF1BF472105}.Release|Any CPU.Build.0 = Release|Any CPU
		{9588B832-888C-2C52-D9E8-1BF1BF472105}.Debug|Any CPU.ActiveCfg = Debug|Any CPU
		{9588B832-888C-2C52-D9E8-1BF1BF472105}.Debug|Any CPU.Build.0 = Debug|Any CPU
		{9588B832-888C-2C52-D9E8-1BF1BF472105}.Release|Any CPU.ActiveCfg = Release|Any CPU
		{9588B832-888C-2C52-D9E8-1BF1BF472105}.Release|Any CPU.Build.0 = Release|Any CPU
		{9588B832-888C-2C52-D9E8-1BF1BF472105}.Debug|Any CPU.ActiveCfg = Debug|Any CPU
		{9588B832-888C-2C52-D9E8-1BF1BF472105}.Debug|Any CPU.Build.0 = Debug|Any CPU
		{9588B832-888C-2C52-D9E8-1BF1BF472105}.Release|Any CPU.ActiveCfg = Release|Any CPU
		{9588B832-888C-2C52-D9E8-1BF1BF472105}.Release|Any CPU.Build.0 = Release|Any CPU
		{9588B832-888C-2C52-D9E8-1BF1BF472105}.Debug|Any CPU.ActiveCfg = Debug|Any CPU
		{9588B832-888C-2C52-D9E8-1BF1BF472105}.Debug|Any CPU.Build.0 = Debug|Any CPU
		{9588B832-888C-2C52-D9E8-1BF1BF472105}.Release|Any CPU.ActiveCfg = Release|Any CPU
		{9588B832-888C-2C52-D9E8-1BF1BF472105}.Release|Any CPU.Build.0 = Release|Any CPU
	EndGlobalSection
	GlobalSection(SolutionProperties) = preSolution
		HideSolutionNode = FALSE
	EndGlobalSection
EndGlobal
